
Microsoft Visual Studio Solution File, Format Version 12.00
# Visual Studio Version 17
VisualStudioVersion = 17.9.34622.214
MinimumVisualStudioVersion = 10.0.40219.1
Project("{9A19103F-16F7-4668-BE54-9A1E7A4F7556}") = "Task01", "Task01\Task01.csproj", "{6B768337-732C-471C-A7D8-486F06B75DC2}"
EndProject
Project("{FAE04EC0-301F-11D3-BF4B-00C04F79EFBC}") = "Class08Homework.EmployeeApp", "Class08Homework.EmployeeApp\Class08Homework.EmployeeApp.csproj", "{4C4149A0-74DE-4C53-A9BF-CF7D18835686}"
EndProject
Project("{FAE04EC0-301F-11D3-BF4B-00C04F79EFBC}") = "Class08Homework.EmployeeApp.Domain", "Class08Homework.EmployeeApp.Domain\Class08Homework.EmployeeApp.Domain.csproj", "{0F798D2C-0BDD-424A-9A69-ED0A5A68CBE9}"
EndProject
Global
	GlobalSection(SolutionConfigurationPlatforms) = preSolution
		Debug|Any CPU = Debug|Any CPU
		Release|Any CPU = Release|Any CPU
	EndGlobalSection
	GlobalSection(ProjectConfigurationPlatforms) = postSolution
		{6B768337-732C-471C-A7D8-486F06B75DC2}.Debug|Any CPU.ActiveCfg = Debug|Any CPU
		{6B768337-732C-471C-A7D8-486F06B75DC2}.Debug|Any CPU.Build.0 = Debug|Any CPU
		{6B768337-732C-471C-A7D8-486F06B75DC2}.Release|Any CPU.ActiveCfg = Release|Any CPU
		{6B768337-732C-471C-A7D8-486F06B75DC2}.Release|Any CPU.Build.0 = Release|Any CPU
		{4C4149A0-74DE-4C53-A9BF-CF7D18835686}.Debug|Any CPU.ActiveCfg = Debug|Any CPU
		{4C4149A0-74DE-4C53-A9BF-CF7D18835686}.Debug|Any CPU.Build.0 = Debug|Any CPU
		{4C4149A0-74DE-4C53-A9BF-CF7D18835686}.Release|Any CPU.ActiveCfg = Release|Any CPU
		{4C4149A0-74DE-4C53-A9BF-CF7D18835686}.Release|Any CPU.Build.0 = Release|Any CPU
		{0F798D2C-0BDD-424A-9A69-ED0A5A68CBE9}.Debug|Any CPU.ActiveCfg = Debug|Any CPU
		{0F798D2C-0BDD-424A-9A69-ED0A5A68CBE9}.Debug|Any CPU.Build.0 = Debug|Any CPU
		{0F798D2C-0BDD-424A-9A69-ED0A5A68CBE9}.Release|Any CPU.ActiveCfg = Release|Any CPU
		{0F798D2C-0BDD-424A-9A69-ED0A5A68CBE9}.Release|Any CPU.Build.0 = Release|Any CPU
	EndGlobalSection
	GlobalSection(SolutionProperties) = preSolution
		HideSolutionNode = FALSE
	EndGlobalSection
	GlobalSection(ExtensibilityGlobals) = postSolution
		SolutionGuid = {D2837D71-6CC2-4834-B6BB-8E5AD283F776}
	EndGlobalSection
EndGlobal
